
Microsoft Visual Studio Solution File, Format Version 12.00
# Visual Studio Version 17
VisualStudioVersion = 17.7.34024.191
MinimumVisualStudioVersion = 10.0.40219.1
Project("{FAE04EC0-301F-11D3-BF4B-00C04F79EFBC}") = "CosmosDbFeeder", "Src\CosmosDbFeeder\CosmosDbFeeder.csproj", "{9ABBCDA7-51F8-41ED-BD60-8CAA4ACA6F48}"
EndProject
Global
	GlobalSection(SolutionConfigurationPlatforms) = preSolution
		Debug|Any CPU = Debug|Any CPU
		Release|Any CPU = Release|Any CPU
	EndGlobalSection
	GlobalSection(ProjectConfigurationPlatforms) = postSolution
		{9ABBCDA7-51F8-41ED-BD60-8CAA4ACA6F48}.Debug|Any CPU.ActiveCfg = Debug|Any CPU
		{9ABBCDA7-51F8-41ED-BD60-8CAA4ACA6F48}.Debug|Any CPU.Build.0 = Debug|Any CPU
		{9ABBCDA7-51F8-41ED-BD60-8CAA4ACA6F48}.Release|Any CPU.ActiveCfg = Release|Any CPU
		{9ABBCDA7-51F8-41ED-BD60-8CAA4ACA6F48}.Release|Any CPU.Build.0 = Release|Any CPU
	EndGlobalSection
	GlobalSection(SolutionProperties) = preSolution
		HideSolutionNode = FALSE
	EndGlobalSection
	GlobalSection(ExtensibilityGlobals) = postSolution
		SolutionGuid = {08C8041D-8493-477F-90DD-1B12DAF8437B}
	EndGlobalSection
EndGlobal
